{
  "pins" : [
    {
      "identity" : "confetti-view",
      "kind" : "remoteSourceControl",
      "location" : "https://github.com/jkirsteins/confetti-view",
      "state" : {
        "revision" : "03ea870a943d9a3426abc52e1731041b6b9f5faf",
        "version" : "1.1.2"
      }
    }
  ],
  "version" : 2
}
